// !$*UTF8*$!
{
	archiveVersion = 1;
	classes = {
	};
	objectVersion = 56;
	objects = {

/* Begin PBXBuildFile section */
		3CCEBE5F7564A9C569D5595D /* Pods_swift_geekTime_Eclass.framework in Frameworks */ = {isa = PBXBuildFile; fileRef = 3C81DD46F6772659DC04518E /* Pods_swift_geekTime_Eclass.framework */; };
		BC6F1FFA2AD33B350088821D /* AppDelegate.swift in Sources */ = {isa = PBXBuildFile; fileRef = BC6F1FF92AD33B350088821D /* AppDelegate.swift */; };
		BC6F1FFC2AD33B350088821D /* SceneDelegate.swift in Sources */ = {isa = PBXBuildFile; fileRef = BC6F1FFB2AD33B350088821D /* SceneDelegate.swift */; };
		BC6F1FFE2AD33B350088821D /* ViewController.swift in Sources */ = {isa = PBXBuildFile; fileRef = BC6F1FFD2AD33B350088821D /* ViewController.swift */; };
		BC6F20012AD33B350088821D /* Main.storyboard in Resources */ = {isa = PBXBuildFile; fileRef = BC6F1FFF2AD33B350088821D /* Main.storyboard */; };
		BC6F20032AD33B380088821D /* Assets.xcassets in Resources */ = {isa = PBXBuildFile; fileRef = BC6F20022AD33B380088821D /* Assets.xcassets */; };
		BC6F20062AD33B380088821D /* LaunchScreen.storyboard in Resources */ = {isa = PBXBuildFile; fileRef = BC6F20042AD33B380088821D /* LaunchScreen.storyboard */; };
		BC6F20492AD341530088821D /* icon_column@2x.png in Resources */ = {isa = PBXBuildFile; fileRef = BC6F20362AD341520088821D /* icon_column@2x.png */; };
		BC6F204A2AD341530088821D /* defaultAvatar@2x.jpg in Resources */ = {isa = PBXBuildFile; fileRef = BC6F20372AD341520088821D /* defaultAvatar@2x.jpg */; };
		BC6F204B2AD341530088821D /* icon_pwd@2x.png in Resources */ = {isa = PBXBuildFile; fileRef = BC6F20382AD341520088821D /* icon_pwd@2x.png */; };
		BC6F204C2AD341530088821D /* icon_cal@2x.png in Resources */ = {isa = PBXBuildFile; fileRef = BC6F20392AD341520088821D /* icon_cal@2x.png */; };
		BC6F204D2AD341530088821D /* book@2x.png in Resources */ = {isa = PBXBuildFile; fileRef = BC6F203A2AD341520088821D /* book@2x.png */; };
		BC6F204E2AD341530088821D /* icon_phone@2x.png in Resources */ = {isa = PBXBuildFile; fileRef = BC6F203B2AD341520088821D /* icon_phone@2x.png */; };
		BC6F204F2AD341530088821D /* mine@2x.png in Resources */ = {isa = PBXBuildFile; fileRef = BC6F203C2AD341520088821D /* mine@2x.png */; };
		BC6F20502AD341530088821D /* logo@2x.png in Resources */ = {isa = PBXBuildFile; fileRef = BC6F203D2AD341520088821D /* logo@2x.png */; };
		BC6F20512AD341530088821D /* icon_right_arrow@2x.png in Resources */ = {isa = PBXBuildFile; fileRef = BC6F203E2AD341520088821D /* icon_right_arrow@2x.png */; };
		BC6F20522AD341530088821D /* icon_between@2x.png in Resources */ = {isa = PBXBuildFile; fileRef = BC6F203F2AD341530088821D /* icon_between@2x.png */; };
		BC6F20532AD341530088821D /* icon_live@2x.png in Resources */ = {isa = PBXBuildFile; fileRef = BC6F20402AD341530088821D /* icon_live@2x.png */; };
		BC6F20542AD341530088821D /* icon_life@2x.png in Resources */ = {isa = PBXBuildFile; fileRef = BC6F20412AD341530088821D /* icon_life@2x.png */; };
		BC6F20552AD341530088821D /* mine_selected@2x.png in Resources */ = {isa = PBXBuildFile; fileRef = BC6F20422AD341530088821D /* mine_selected@2x.png */; };
		BC6F20562AD341530088821D /* detailBg@2x.png in Resources */ = {isa = PBXBuildFile; fileRef = BC6F20432AD341530088821D /* detailBg@2x.png */; };
		BC6F20572AD341530088821D /* icon_document@2x.png in Resources */ = {isa = PBXBuildFile; fileRef = BC6F20442AD341530088821D /* icon_document@2x.png */; };
		BC6F20582AD341530088821D /* icon_course@2x.png in Resources */ = {isa = PBXBuildFile; fileRef = BC6F20452AD341530088821D /* icon_course@2x.png */; };
		BC6F20592AD341530088821D /* student@2x.png in Resources */ = {isa = PBXBuildFile; fileRef = BC6F20462AD341530088821D /* student@2x.png */; };
		BC6F205A2AD341530088821D /* home@2x.png in Resources */ = {isa = PBXBuildFile; fileRef = BC6F20472AD341530088821D /* home@2x.png */; };
		BC6F205B2AD341530088821D /* home_selected@2x.png in Resources */ = {isa = PBXBuildFile; fileRef = BC6F20482AD341530088821D /* home_selected@2x.png */; };
		BC6F205E2AD341F50088821D /* Product.swift in Sources */ = {isa = PBXBuildFile; fileRef = BC6F205D2AD341F50088821D /* Product.swift */; };
		BC6F20602AD3426E0088821D /* Deal.swift in Sources */ = {isa = PBXBuildFile; fileRef = BC6F205F2AD3426E0088821D /* Deal.swift */; };
		BC6F20622AD342990088821D /* FakeData.swift in Sources */ = {isa = PBXBuildFile; fileRef = BC6F20612AD342990088821D /* FakeData.swift */; };
		BCC5F2962AD43B6600B5DFFA /* BaseViewController.swift in Sources */ = {isa = PBXBuildFile; fileRef = BCC5F2952AD43B6600B5DFFA /* BaseViewController.swift */; };
		BCC5F2982AD43C4200B5DFFA /* LoginViewController.swift in Sources */ = {isa = PBXBuildFile; fileRef = BCC5F2972AD43C4200B5DFFA /* LoginViewController.swift */; };
		BCC5F29A2AD43CF800B5DFFA /* R.generated.swift in Sources */ = {isa = PBXBuildFile; fileRef = BCC5F2992AD43CF800B5DFFA /* R.generated.swift */; };
		BCC5F29C2AD5F53700B5DFFA /* HomeViewController.swift in Sources */ = {isa = PBXBuildFile; fileRef = BCC5F29B2AD5F53700B5DFFA /* HomeViewController.swift */; };
		BCC5F29E2AD5F54E00B5DFFA /* MineViewController.swift in Sources */ = {isa = PBXBuildFile; fileRef = BCC5F29D2AD5F54E00B5DFFA /* MineViewController.swift */; };
		BCDD91092AD74A2B003579EC /*  BannerView.swift in Sources */ = {isa = PBXBuildFile; fileRef = BCDD91082AD74A2B003579EC /*  BannerView.swift */; };
		FE6F0511B28C3AF49BF67178 /* UIColorExtension.swift in Sources */ = {isa = PBXBuildFile; fileRef = FE6F02FAD060038BFBE20B49 /* UIColorExtension.swift */; };
/* End PBXBuildFile section */

/* Begin PBXFileReference section */
		3C81DD46F6772659DC04518E /* Pods_swift_geekTime_Eclass.framework */ = {isa = PBXFileReference; explicitFileType = wrapper.framework; includeInIndex = 0; path = Pods_swift_geekTime_Eclass.framework; sourceTree = BUILT_PRODUCTS_DIR; };
		4B97B8A5A85FCC09F9E34F37 /* Pods-swift_geekTime_Eclass.debug.xcconfig */ = {isa = PBXFileReference; includeInIndex = 1; lastKnownFileType = text.xcconfig; name = "Pods-swift_geekTime_Eclass.debug.xcconfig"; path = "Target Support Files/Pods-swift_geekTime_Eclass/Pods-swift_geekTime_Eclass.debug.xcconfig"; sourceTree = "<group>"; };
		BC6F1FF62AD33B350088821D /* swift_geekTime_Eclass.app */ = {isa = PBXFileReference; explicitFileType = wrapper.application; includeInIndex = 0; path = swift_geekTime_Eclass.app; sourceTree = BUILT_PRODUCTS_DIR; };
		BC6F1FF92AD33B350088821D /* AppDelegate.swift */ = {isa = PBXFileReference; lastKnownFileType = sourcecode.swift; path = AppDelegate.swift; sourceTree = "<group>"; };
		BC6F1FFB2AD33B350088821D /* SceneDelegate.swift */ = {isa = PBXFileReference; lastKnownFileType = sourcecode.swift; path = SceneDelegate.swift; sourceTree = "<group>"; };
		BC6F1FFD2AD33B350088821D /* ViewController.swift */ = {isa = PBXFileReference; lastKnownFileType = sourcecode.swift; path = ViewController.swift; sourceTree = "<group>"; };
		BC6F20002AD33B350088821D /* Base */ = {isa = PBXFileReference; lastKnownFileType = file.storyboard; name = Base; path = Base.lproj/Main.storyboard; sourceTree = "<group>"; };
		BC6F20022AD33B380088821D /* Assets.xcassets */ = {isa = PBXFileReference; lastKnownFileType = folder.assetcatalog; path = Assets.xcassets; sourceTree = "<group>"; };
		BC6F20052AD33B380088821D /* Base */ = {isa = PBXFileReference; lastKnownFileType = file.storyboard; name = Base; path = Base.lproj/LaunchScreen.storyboard; sourceTree = "<group>"; };
		BC6F20072AD33B380088821D /* Info.plist */ = {isa = PBXFileReference; lastKnownFileType = text.plist.xml; path = Info.plist; sourceTree = "<group>"; };
		BC6F20362AD341520088821D /* icon_column@2x.png */ = {isa = PBXFileReference; lastKnownFileType = image.png; path = "icon_column@2x.png"; sourceTree = "<group>"; };
		BC6F20372AD341520088821D /* defaultAvatar@2x.jpg */ = {isa = PBXFileReference; lastKnownFileType = image.jpeg; path = "defaultAvatar@2x.jpg"; sourceTree = "<group>"; };
		BC6F20382AD341520088821D /* icon_pwd@2x.png */ = {isa = PBXFileReference; lastKnownFileType = image.png; path = "icon_pwd@2x.png"; sourceTree = "<group>"; };
		BC6F20392AD341520088821D /* icon_cal@2x.png */ = {isa = PBXFileReference; lastKnownFileType = image.png; path = "icon_cal@2x.png"; sourceTree = "<group>"; };
		BC6F203A2AD341520088821D /* book@2x.png */ = {isa = PBXFileReference; lastKnownFileType = image.png; path = "book@2x.png"; sourceTree = "<group>"; };
		BC6F203B2AD341520088821D /* icon_phone@2x.png */ = {isa = PBXFileReference; lastKnownFileType = image.png; path = "icon_phone@2x.png"; sourceTree = "<group>"; };
		BC6F203C2AD341520088821D /* mine@2x.png */ = {isa = PBXFileReference; lastKnownFileType = image.png; path = "mine@2x.png"; sourceTree = "<group>"; };
		BC6F203D2AD341520088821D /* logo@2x.png */ = {isa = PBXFileReference; lastKnownFileType = image.png; path = "logo@2x.png"; sourceTree = "<group>"; };
		BC6F203E2AD341520088821D /* icon_right_arrow@2x.png */ = {isa = PBXFileReference; lastKnownFileType = image.png; path = "icon_right_arrow@2x.png"; sourceTree = "<group>"; };
		BC6F203F2AD341530088821D /* icon_between@2x.png */ = {isa = PBXFileReference; lastKnownFileType = image.png; path = "icon_between@2x.png"; sourceTree = "<group>"; };
		BC6F20402AD341530088821D /* icon_live@2x.png */ = {isa = PBXFileReference; lastKnownFileType = image.png; path = "icon_live@2x.png"; sourceTree = "<group>"; };
		BC6F20412AD341530088821D /* icon_life@2x.png */ = {isa = PBXFileReference; lastKnownFileType = image.png; path = "icon_life@2x.png"; sourceTree = "<group>"; };
		BC6F20422AD341530088821D /* mine_selected@2x.png */ = {isa = PBXFileReference; lastKnownFileType = image.png; path = "mine_selected@2x.png"; sourceTree = "<group>"; };
		BC6F20432AD341530088821D /* detailBg@2x.png */ = {isa = PBXFileReference; lastKnownFileType = image.png; path = "detailBg@2x.png"; sourceTree = "<group>"; };
		BC6F20442AD341530088821D /* icon_document@2x.png */ = {isa = PBXFileReference; lastKnownFileType = image.png; path = "icon_document@2x.png"; sourceTree = "<group>"; };
		BC6F20452AD341530088821D /* icon_course@2x.png */ = {isa = PBXFileReference; lastKnownFileType = image.png; path = "icon_course@2x.png"; sourceTree = "<group>"; };
		BC6F20462AD341530088821D /* student@2x.png */ = {isa = PBXFileReference; lastKnownFileType = image.png; path = "student@2x.png"; sourceTree = "<group>"; };
		BC6F20472AD341530088821D /* home@2x.png */ = {isa = PBXFileReference; lastKnownFileType = image.png; path = "home@2x.png"; sourceTree = "<group>"; };
		BC6F20482AD341530088821D /* home_selected@2x.png */ = {isa = PBXFileReference; lastKnownFileType = image.png; path = "home_selected@2x.png"; sourceTree = "<group>"; };
		BC6F205D2AD341F50088821D /* Product.swift */ = {isa = PBXFileReference; lastKnownFileType = sourcecode.swift; path = Product.swift; sourceTree = "<group>"; };
		BC6F205F2AD3426E0088821D /* Deal.swift */ = {isa = PBXFileReference; lastKnownFileType = sourcecode.swift; path = Deal.swift; sourceTree = "<group>"; };
		BC6F20612AD342990088821D /* FakeData.swift */ = {isa = PBXFileReference; lastKnownFileType = sourcecode.swift; path = FakeData.swift; sourceTree = "<group>"; };
		BCC5F2952AD43B6600B5DFFA /* BaseViewController.swift */ = {isa = PBXFileReference; lastKnownFileType = sourcecode.swift; path = BaseViewController.swift; sourceTree = "<group>"; };
		BCC5F2972AD43C4200B5DFFA /* LoginViewController.swift */ = {isa = PBXFileReference; lastKnownFileType = sourcecode.swift; path = LoginViewController.swift; sourceTree = "<group>"; };
		BCC5F2992AD43CF800B5DFFA /* R.generated.swift */ = {isa = PBXFileReference; fileEncoding = 4; lastKnownFileType = sourcecode.swift; path = R.generated.swift; sourceTree = "<group>"; };
		BCC5F29B2AD5F53700B5DFFA /* HomeViewController.swift */ = {isa = PBXFileReference; lastKnownFileType = sourcecode.swift; path = HomeViewController.swift; sourceTree = "<group>"; };
		BCC5F29D2AD5F54E00B5DFFA /* MineViewController.swift */ = {isa = PBXFileReference; lastKnownFileType = sourcecode.swift; path = MineViewController.swift; sourceTree = "<group>"; };
		BCDD91082AD74A2B003579EC /*  BannerView.swift */ = {isa = PBXFileReference; lastKnownFileType = sourcecode.swift; path = " BannerView.swift"; sourceTree = "<group>"; };
		FA0FEF5F4AF02434103ABBAA /* Pods-swift_geekTime_Eclass.release.xcconfig */ = {isa = PBXFileReference; includeInIndex = 1; lastKnownFileType = text.xcconfig; name = "Pods-swift_geekTime_Eclass.release.xcconfig"; path = "Target Support Files/Pods-swift_geekTime_Eclass/Pods-swift_geekTime_Eclass.release.xcconfig"; sourceTree = "<group>"; };
		FE6F02FAD060038BFBE20B49 /* UIColorExtension.swift */ = {isa = PBXFileReference; fileEncoding = 4; lastKnownFileType = sourcecode.swift; path = UIColorExtension.swift; sourceTree = "<group>"; };
/* End PBXFileReference section */

/* Begin PBXFrameworksBuildPhase section */
		BC6F1FF32AD33B350088821D /* Frameworks */ = {
			isa = PBXFrameworksBuildPhase;
			buildActionMask = 2147483647;
			files = (
				3CCEBE5F7564A9C569D5595D /* Pods_swift_geekTime_Eclass.framework in Frameworks */,
			);
			runOnlyForDeploymentPostprocessing = 0;
		};
/* End PBXFrameworksBuildPhase section */

/* Begin PBXGroup section */
		33BAA641237926E4BD7FE6B4 /* Frameworks */ = {
			isa = PBXGroup;
			children = (
				3C81DD46F6772659DC04518E /* Pods_swift_geekTime_Eclass.framework */,
			);
			name = Frameworks;
			sourceTree = "<group>";
		};
		BC6F1FED2AD33B350088821D = {
			isa = PBXGroup;
			children = (
				BC6F1FF82AD33B350088821D /* swift_geekTime_Eclass */,
				BC6F1FF72AD33B350088821D /* Products */,
				D2602F9DEE100CD763F336F3 /* Pods */,
				33BAA641237926E4BD7FE6B4 /* Frameworks */,
			);
			sourceTree = "<group>";
		};
		BC6F1FF72AD33B350088821D /* Products */ = {
			isa = PBXGroup;
			children = (
				BC6F1FF62AD33B350088821D /* swift_geekTime_Eclass.app */,
			);
			name = Products;
			sourceTree = "<group>";
		};
		BC6F1FF82AD33B350088821D /* swift_geekTime_Eclass */ = {
			isa = PBXGroup;
			children = (
				BCDD91072AD74A12003579EC /* Component */,
				BCC5F2992AD43CF800B5DFFA /* R.generated.swift */,
				BC6F205C2AD341D50088821D /* Model */,
				BC6F200F2AD3405E0088821D /* Resource */,
				BC6F1FF92AD33B350088821D /* AppDelegate.swift */,
				BC6F1FFB2AD33B350088821D /* SceneDelegate.swift */,
				BC6F1FFD2AD33B350088821D /* ViewController.swift */,
				BC6F1FFF2AD33B350088821D /* Main.storyboard */,
				BC6F20022AD33B380088821D /* Assets.xcassets */,
				BC6F20042AD33B380088821D /* LaunchScreen.storyboard */,
				BC6F20072AD33B380088821D /* Info.plist */,
				FE6F0A81F9891EE805C59F75 /* Extensions */,
				BCC5F2952AD43B6600B5DFFA /* BaseViewController.swift */,
				BCC5F2972AD43C4200B5DFFA /* LoginViewController.swift */,
				BCC5F29B2AD5F53700B5DFFA /* HomeViewController.swift */,
				BCC5F29D2AD5F54E00B5DFFA /* MineViewController.swift */,
			);
			path = swift_geekTime_Eclass;
			sourceTree = "<group>";
		};
		BC6F200F2AD3405E0088821D /* Resource */ = {
			isa = PBXGroup;
			children = (
				BC6F203A2AD341520088821D /* book@2x.png */,
				BC6F20372AD341520088821D /* defaultAvatar@2x.jpg */,
				BC6F20432AD341530088821D /* detailBg@2x.png */,
				BC6F20482AD341530088821D /* home_selected@2x.png */,
				BC6F20472AD341530088821D /* home@2x.png */,
				BC6F203F2AD341530088821D /* icon_between@2x.png */,
				BC6F20392AD341520088821D /* icon_cal@2x.png */,
				BC6F20362AD341520088821D /* icon_column@2x.png */,
				BC6F20452AD341530088821D /* icon_course@2x.png */,
				BC6F20442AD341530088821D /* icon_document@2x.png */,
				BC6F20412AD341530088821D /* icon_life@2x.png */,
				BC6F20402AD341530088821D /* icon_live@2x.png */,
				BC6F203B2AD341520088821D /* icon_phone@2x.png */,
				BC6F20382AD341520088821D /* icon_pwd@2x.png */,
				BC6F203E2AD341520088821D /* icon_right_arrow@2x.png */,
				BC6F203D2AD341520088821D /* logo@2x.png */,
				BC6F20422AD341530088821D /* mine_selected@2x.png */,
				BC6F203C2AD341520088821D /* mine@2x.png */,
				BC6F20462AD341530088821D /* student@2x.png */,
			);
			path = Resource;
			sourceTree = "<group>";
		};
		BC6F205C2AD341D50088821D /* Model */ = {
			isa = PBXGroup;
			children = (
				BC6F205D2AD341F50088821D /* Product.swift */,
				BC6F205F2AD3426E0088821D /* Deal.swift */,
				BC6F20612AD342990088821D /* FakeData.swift */,
			);
			path = Model;
			sourceTree = "<group>";
		};
		BCDD91072AD74A12003579EC /* Component */ = {
			isa = PBXGroup;
			children = (
				BCDD91082AD74A2B003579EC /*  BannerView.swift */,
			);
			path = Component;
			sourceTree = "<group>";
		};
		D2602F9DEE100CD763F336F3 /* Pods */ = {
			isa = PBXGroup;
			children = (
				4B97B8A5A85FCC09F9E34F37 /* Pods-swift_geekTime_Eclass.debug.xcconfig */,
				FA0FEF5F4AF02434103ABBAA /* Pods-swift_geekTime_Eclass.release.xcconfig */,
			);
			path = Pods;
			sourceTree = "<group>";
		};
		FE6F0A81F9891EE805C59F75 /* Extensions */ = {
			isa = PBXGroup;
			children = (
				FE6F02FAD060038BFBE20B49 /* UIColorExtension.swift */,
			);
			path = Extensions;
			sourceTree = "<group>";
		};
/* End PBXGroup section */

/* Begin PBXNativeTarget section */
		BC6F1FF52AD33B350088821D /* swift_geekTime_Eclass */ = {
			isa = PBXNativeTarget;
			buildConfigurationList = BC6F200A2AD33B380088821D /* Build configuration list for PBXNativeTarget "swift_geekTime_Eclass" */;
			buildPhases = (
				8FC1A09479E2197CAE948B4D /* [CP] Check Pods Manifest.lock */,
				BC6F200D2AD33F1F0088821D /* ShellScript */,
				BC6F1FF22AD33B350088821D /* Sources */,
				BC6F1FF32AD33B350088821D /* Frameworks */,
				BC6F1FF42AD33B350088821D /* Resources */,
				E699FC9F55206EF12FC76DBA /* [CP] Embed Pods Frameworks */,
			);
			buildRules = (
			);
			dependencies = (
			);
			name = swift_geekTime_Eclass;
			productName = swift_geekTime_Eclass;
			productReference = BC6F1FF62AD33B350088821D /* swift_geekTime_Eclass.app */;
			productType = "com.apple.product-type.application";
		};
/* End PBXNativeTarget section */

/* Begin PBXProject section */
		BC6F1FEE2AD33B350088821D /* Project object */ = {
			isa = PBXProject;
			attributes = {
				BuildIndependentTargetsInParallel = 1;
				LastSwiftUpdateCheck = 1420;
				LastUpgradeCheck = 1420;
				TargetAttributes = {
					BC6F1FF52AD33B350088821D = {
						CreatedOnToolsVersion = 14.2;
					};
				};
			};
			buildConfigurationList = BC6F1FF12AD33B350088821D /* Build configuration list for PBXProject "swift_geekTime_Eclass" */;
			compatibilityVersion = "Xcode 14.0";
			developmentRegion = en;
			hasScannedForEncodings = 0;
			knownRegions = (
				en,
				Base,
			);
			mainGroup = BC6F1FED2AD33B350088821D;
			productRefGroup = BC6F1FF72AD33B350088821D /* Products */;
			projectDirPath = "";
			projectRoot = "";
			targets = (
				BC6F1FF52AD33B350088821D /* swift_geekTime_Eclass */,
			);
		};
/* End PBXProject section */

/* Begin PBXResourcesBuildPhase section */
		BC6F1FF42AD33B350088821D /* Resources */ = {
			isa = PBXResourcesBuildPhase;
			buildActionMask = 2147483647;
			files = (
				BC6F20512AD341530088821D /* icon_right_arrow@2x.png in Resources */,
				BC6F20562AD341530088821D /* detailBg@2x.png in Resources */,
				BC6F20592AD341530088821D /* student@2x.png in Resources */,
				BC6F20062AD33B380088821D /* LaunchScreen.storyboard in Resources */,
				BC6F205B2AD341530088821D /* home_selected@2x.png in Resources */,
				BC6F20552AD341530088821D /* mine_selected@2x.png in Resources */,
				BC6F205A2AD341530088821D /* home@2x.png in Resources */,
				BC6F20502AD341530088821D /* logo@2x.png in Resources */,
				BC6F204A2AD341530088821D /* defaultAvatar@2x.jpg in Resources */,
				BC6F20492AD341530088821D /* icon_column@2x.png in Resources */,
				BC6F204D2AD341530088821D /* book@2x.png in Resources */,
				BC6F20572AD341530088821D /* icon_document@2x.png in Resources */,
				BC6F20582AD341530088821D /* icon_course@2x.png in Resources */,
				BC6F20032AD33B380088821D /* Assets.xcassets in Resources */,
				BC6F20012AD33B350088821D /* Main.storyboard in Resources */,
				BC6F204E2AD341530088821D /* icon_phone@2x.png in Resources */,
				BC6F204B2AD341530088821D /* icon_pwd@2x.png in Resources */,
				BC6F204C2AD341530088821D /* icon_cal@2x.png in Resources */,
				BC6F20532AD341530088821D /* icon_live@2x.png in Resources */,
				BC6F204F2AD341530088821D /* mine@2x.png in Resources */,
				BC6F20542AD341530088821D /* icon_life@2x.png in Resources */,
				BC6F20522AD341530088821D /* icon_between@2x.png in Resources */,
			);
			runOnlyForDeploymentPostprocessing = 0;
		};
/* End PBXResourcesBuildPhase section */

/* Begin PBXShellScriptBuildPhase section */
		8FC1A09479E2197CAE948B4D /* [CP] Check Pods Manifest.lock */ = {
			isa = PBXShellScriptBuildPhase;
			buildActionMask = 2147483647;
			files = (
			);
			inputFileListPaths = (
			);
			inputPaths = (
				"${PODS_PODFILE_DIR_PATH}/Podfile.lock",
				"${PODS_ROOT}/Manifest.lock",
			);
			name = "[CP] Check Pods Manifest.lock";
			outputFileListPaths = (
			);
			outputPaths = (
				"$(DERIVED_FILE_DIR)/Pods-swift_geekTime_Eclass-checkManifestLockResult.txt",
			);
			runOnlyForDeploymentPostprocessing = 0;
			shellPath = /bin/sh;
			shellScript = "diff \"${PODS_PODFILE_DIR_PATH}/Podfile.lock\" \"${PODS_ROOT}/Manifest.lock\" > /dev/null\nif [ $? != 0 ] ; then\n    # print error to STDERR\n    echo \"error: The sandbox is not in sync with the Podfile.lock. Run 'pod install' or update your CocoaPods installation.\" >&2\n    exit 1\nfi\n# This output is used by Xcode 'outputs' to avoid re-running this script phase.\necho \"SUCCESS\" > \"${SCRIPT_OUTPUT_FILE_0}\"\n";
			showEnvVarsInLog = 0;
		};
		BC6F200D2AD33F1F0088821D /* ShellScript */ = {
			isa = PBXShellScriptBuildPhase;
			buildActionMask = 2147483647;
			files = (
			);
			inputFileListPaths = (
			);
			inputPaths = (
				"$TEMP_DIR/rswift-lastrun",
			);
			outputFileListPaths = (
			);
			outputPaths = (
				$SRCROOT/R.generated.swift,
			);
			runOnlyForDeploymentPostprocessing = 0;
			shellPath = /bin/sh;
			shellScript = "\"$PODS_ROOT/R.swift/rswift\" generate \"$SRCROOT/R.generated.swift\"\n";
		};
		E699FC9F55206EF12FC76DBA /* [CP] Embed Pods Frameworks */ = {
			isa = PBXShellScriptBuildPhase;
			buildActionMask = 2147483647;
			files = (
			);
			inputFileListPaths = (
				"${PODS_ROOT}/Target Support Files/Pods-swift_geekTime_Eclass/Pods-swift_geekTime_Eclass-frameworks-${CONFIGURATION}-input-files.xcfilelist",
			);
			name = "[CP] Embed Pods Frameworks";
			outputFileListPaths = (
				"${PODS_ROOT}/Target Support Files/Pods-swift_geekTime_Eclass/Pods-swift_geekTime_Eclass-frameworks-${CONFIGURATION}-output-files.xcfilelist",
			);
			runOnlyForDeploymentPostprocessing = 0;
			shellPath = /bin/sh;
			shellScript = "\"${PODS_ROOT}/Target Support Files/Pods-swift_geekTime_Eclass/Pods-swift_geekTime_Eclass-frameworks.sh\"\n";
			showEnvVarsInLog = 0;
		};
/* End PBXShellScriptBuildPhase section */

/* Begin PBXSourcesBuildPhase section */
		BC6F1FF22AD33B350088821D /* Sources */ = {
			isa = PBXSourcesBuildPhase;
			buildActionMask = 2147483647;
			files = (
				BCC5F2982AD43C4200B5DFFA /* LoginViewController.swift in Sources */,
				BC6F20622AD342990088821D /* FakeData.swift in Sources */,
				BC6F1FFE2AD33B350088821D /* ViewController.swift in Sources */,
				BC6F205E2AD341F50088821D /* Product.swift in Sources */,
				BC6F20602AD3426E0088821D /* Deal.swift in Sources */,
				BC6F1FFA2AD33B350088821D /* AppDelegate.swift in Sources */,
				BCC5F2962AD43B6600B5DFFA /* BaseViewController.swift in Sources */,
				BCC5F29C2AD5F53700B5DFFA /* HomeViewController.swift in Sources */,
				BCC5F29A2AD43CF800B5DFFA /* R.generated.swift in Sources */,
				BC6F1FFC2AD33B350088821D /* SceneDelegate.swift in Sources */,
				FE6F0511B28C3AF49BF67178 /* UIColorExtension.swift in Sources */,
				BCC5F29E2AD5F54E00B5DFFA /* MineViewController.swift in Sources */,
				BCDD91092AD74A2B003579EC /*  BannerView.swift in Sources */,
			);
			runOnlyForDeploymentPostprocessing = 0;
		};
/* End PBXSourcesBuildPhase section */

/* Begin PBXVariantGroup section */
		BC6F1FFF2AD33B350088821D /* Main.storyboard */ = {
			isa = PBXVariantGroup;
			children = (
				BC6F20002AD33B350088821D /* Base */,
			);
			name = Main.storyboard;
			sourceTree = "<group>";
		};
		BC6F20042AD33B380088821D /* LaunchScreen.storyboard */ = {
			isa = PBXVariantGroup;
			children = (
				BC6F20052AD33B380088821D /* Base */,
			);
			name = LaunchScreen.storyboard;
			sourceTree = "<group>";
		};
/* End PBXVariantGroup section */

/* Begin XCBuildConfiguration section */
		BC6F20082AD33B380088821D /* Debug */ = {
			isa = XCBuildConfiguration;
			buildSettings = {
				ALWAYS_SEARCH_USER_PATHS = NO;
				CLANG_ANALYZER_NONNULL = YES;
				CLANG_ANALYZER_NUMBER_OBJECT_CONVERSION = YES_AGGRESSIVE;
				CLANG_CXX_LANGUAGE_STANDARD = "gnu++20";
				CLANG_ENABLE_MODULES = YES;
				CLANG_ENABLE_OBJC_ARC = YES;
				CLANG_ENABLE_OBJC_WEAK = YES;
				CLANG_WARN_BLOCK_CAPTURE_AUTORELEASING = YES;
				CLANG_WARN_BOOL_CONVERSION = YES;
				CLANG_WARN_COMMA = YES;
				CLANG_WARN_CONSTANT_CONVERSION = YES;
				CLANG_WARN_DEPRECATED_OBJC_IMPLEMENTATIONS = YES;
				CLANG_WARN_DIRECT_OBJC_ISA_USAGE = YES_ERROR;
				CLANG_WARN_DOCUMENTATION_COMMENTS = YES;
				CLANG_WARN_EMPTY_BODY = YES;
				CLANG_WARN_ENUM_CONVERSION = YES;
				CLANG_WARN_INFINITE_RECURSION = YES;
				CLANG_WARN_INT_CONVERSION = YES;
				CLANG_WARN_NON_LITERAL_NULL_CONVERSION = YES;
				CLANG_WARN_OBJC_IMPLICIT_RETAIN_SELF = YES;
				CLANG_WARN_OBJC_LITERAL_CONVERSION = YES;
				CLANG_WARN_OBJC_ROOT_CLASS = YES_ERROR;
				CLANG_WARN_QUOTED_INCLUDE_IN_FRAMEWORK_HEADER = YES;
				CLANG_WARN_RANGE_LOOP_ANALYSIS = YES;
				CLANG_WARN_STRICT_PROTOTYPES = YES;
				CLANG_WARN_SUSPICIOUS_MOVE = YES;
				CLANG_WARN_UNGUARDED_AVAILABILITY = YES_AGGRESSIVE;
				CLANG_WARN_UNREACHABLE_CODE = YES;
				CLANG_WARN__DUPLICATE_METHOD_MATCH = YES;
				COPY_PHASE_STRIP = NO;
				DEBUG_INFORMATION_FORMAT = dwarf;
				ENABLE_STRICT_OBJC_MSGSEND = YES;
				ENABLE_TESTABILITY = YES;
				GCC_C_LANGUAGE_STANDARD = gnu11;
				GCC_DYNAMIC_NO_PIC = NO;
				GCC_NO_COMMON_BLOCKS = YES;
				GCC_OPTIMIZATION_LEVEL = 0;
				GCC_PREPROCESSOR_DEFINITIONS = (
					"DEBUG=1",
					"$(inherited)",
				);
				GCC_WARN_64_TO_32_BIT_CONVERSION = YES;
				GCC_WARN_ABOUT_RETURN_TYPE = YES_ERROR;
				GCC_WARN_UNDECLARED_SELECTOR = YES;
				GCC_WARN_UNINITIALIZED_AUTOS = YES_AGGRESSIVE;
				GCC_WARN_UNUSED_FUNCTION = YES;
				GCC_WARN_UNUSED_VARIABLE = YES;
				IPHONEOS_DEPLOYMENT_TARGET = 16.2;
				MTL_ENABLE_DEBUG_INFO = INCLUDE_SOURCE;
				MTL_FAST_MATH = YES;
				ONLY_ACTIVE_ARCH = YES;
				SDKROOT = iphoneos;
				SWIFT_ACTIVE_COMPILATION_CONDITIONS = DEBUG;
				SWIFT_OPTIMIZATION_LEVEL = "-Onone";
			};
			name = Debug;
		};
		BC6F20092AD33B380088821D /* Release */ = {
			isa = XCBuildConfiguration;
			buildSettings = {
				ALWAYS_SEARCH_USER_PATHS = NO;
				CLANG_ANALYZER_NONNULL = YES;
				CLANG_ANALYZER_NUMBER_OBJECT_CONVERSION = YES_AGGRESSIVE;
				CLANG_CXX_LANGUAGE_STANDARD = "gnu++20";
				CLANG_ENABLE_MODULES = YES;
				CLANG_ENABLE_OBJC_ARC = YES;
				CLANG_ENABLE_OBJC_WEAK = YES;
				CLANG_WARN_BLOCK_CAPTURE_AUTORELEASING = YES;
				CLANG_WARN_BOOL_CONVERSION = YES;
				CLANG_WARN_COMMA = YES;
				CLANG_WARN_CONSTANT_CONVERSION = YES;
				CLANG_WARN_DEPRECATED_OBJC_IMPLEMENTATIONS = YES;
				CLANG_WARN_DIRECT_OBJC_ISA_USAGE = YES_ERROR;
				CLANG_WARN_DOCUMENTATION_COMMENTS = YES;
				CLANG_WARN_EMPTY_BODY = YES;
				CLANG_WARN_ENUM_CONVERSION = YES;
				CLANG_WARN_INFINITE_RECURSION = YES;
				CLANG_WARN_INT_CONVERSION = YES;
				CLANG_WARN_NON_LITERAL_NULL_CONVERSION = YES;
				CLANG_WARN_OBJC_IMPLICIT_RETAIN_SELF = YES;
				CLANG_WARN_OBJC_LITERAL_CONVERSION = YES;
				CLANG_WARN_OBJC_ROOT_CLASS = YES_ERROR;
				CLANG_WARN_QUOTED_INCLUDE_IN_FRAMEWORK_HEADER = YES;
				CLANG_WARN_RANGE_LOOP_ANALYSIS = YES;
				CLANG_WARN_STRICT_PROTOTYPES = YES;
				CLANG_WARN_SUSPICIOUS_MOVE = YES;
				CLANG_WARN_UNGUARDED_AVAILABILITY = YES_AGGRESSIVE;
				CLANG_WARN_UNREACHABLE_CODE = YES;
				CLANG_WARN__DUPLICATE_METHOD_MATCH = YES;
				COPY_PHASE_STRIP = NO;
				DEBUG_INFORMATION_FORMAT = "dwarf-with-dsym";
				ENABLE_NS_ASSERTIONS = NO;
				ENABLE_STRICT_OBJC_MSGSEND = YES;
				GCC_C_LANGUAGE_STANDARD = gnu11;
				GCC_NO_COMMON_BLOCKS = YES;
				GCC_WARN_64_TO_32_BIT_CONVERSION = YES;
				GCC_WARN_ABOUT_RETURN_TYPE = YES_ERROR;
				GCC_WARN_UNDECLARED_SELECTOR = YES;
				GCC_WARN_UNINITIALIZED_AUTOS = YES_AGGRESSIVE;
				GCC_WARN_UNUSED_FUNCTION = YES;
				GCC_WARN_UNUSED_VARIABLE = YES;
				IPHONEOS_DEPLOYMENT_TARGET = 16.2;
				MTL_ENABLE_DEBUG_INFO = NO;
				MTL_FAST_MATH = YES;
				SDKROOT = iphoneos;
				SWIFT_COMPILATION_MODE = wholemodule;
				SWIFT_OPTIMIZATION_LEVEL = "-O";
				VALIDATE_PRODUCT = YES;
			};
			name = Release;
		};
		BC6F200B2AD33B380088821D /* Debug */ = {
			isa = XCBuildConfiguration;
			baseConfigurationReference = 4B97B8A5A85FCC09F9E34F37 /* Pods-swift_geekTime_Eclass.debug.xcconfig */;
			buildSettings = {
				ASSETCATALOG_COMPILER_APPICON_NAME = AppIcon;
				ASSETCATALOG_COMPILER_GLOBAL_ACCENT_COLOR_NAME = AccentColor;
				CODE_SIGN_STYLE = Automatic;
				CURRENT_PROJECT_VERSION = 1;
				DEVELOPMENT_TEAM = F3XTZVAUTL;
				GENERATE_INFOPLIST_FILE = YES;
				INFOPLIST_FILE = swift_geekTime_Eclass/Info.plist;
				INFOPLIST_KEY_UIApplicationSupportsIndirectInputEvents = YES;
				INFOPLIST_KEY_UILaunchStoryboardName = LaunchScreen;
				INFOPLIST_KEY_UIMainStoryboardFile = Main;
				INFOPLIST_KEY_UISupportedInterfaceOrientations_iPad = "UIInterfaceOrientationPortrait UIInterfaceOrientationPortraitUpsideDown UIInterfaceOrientationLandscapeLeft UIInterfaceOrientationLandscapeRight";
				INFOPLIST_KEY_UISupportedInterfaceOrientations_iPhone = "UIInterfaceOrientationPortrait UIInterfaceOrientationLandscapeLeft UIInterfaceOrientationLandscapeRight";
				LD_RUNPATH_SEARCH_PATHS = (
					"$(inherited)",
					"@executable_path/Frameworks",
				);
				MARKETING_VERSION = 1.0;
				PRODUCT_BUNDLE_IDENTIFIER = "ie.ucd.cs.comp47390.19326053.swift-geekTime-Eclass";
				PRODUCT_NAME = "$(TARGET_NAME)";
				SWIFT_EMIT_LOC_STRINGS = YES;
				SWIFT_VERSION = 5.0;
				TARGETED_DEVICE_FAMILY = "1,2";
			};
			name = Debug;
		};
		BC6F200C2AD33B380088821D /* Release */ = {
			isa = XCBuildConfiguration;
			baseConfigurationReference = FA0FEF5F4AF02434103ABBAA /* Pods-swift_geekTime_Eclass.release.xcconfig */;
			buildSettings = {
				ASSETCATALOG_COMPILER_APPICON_NAME = AppIcon;
				ASSETCATALOG_COMPILER_GLOBAL_ACCENT_COLOR_NAME = AccentColor;
				CODE_SIGN_STYLE = Automatic;
				CURRENT_PROJECT_VERSION = 1;
				DEVELOPMENT_TEAM = F3XTZVAUTL;
				GENERATE_INFOPLIST_FILE = YES;
				INFOPLIST_FILE = swift_geekTime_Eclass/Info.plist;
				INFOPLIST_KEY_UIApplicationSupportsIndirectInputEvents = YES;
				INFOPLIST_KEY_UILaunchStoryboardName = LaunchScreen;
				INFOPLIST_KEY_UIMainStoryboardFile = Main;
				INFOPLIST_KEY_UISupportedInterfaceOrientations_iPad = "UIInterfaceOrientationPortrait UIInterfaceOrientationPortraitUpsideDown UIInterfaceOrientationLandscapeLeft UIInterfaceOrientationLandscapeRight";
				INFOPLIST_KEY_UISupportedInterfaceOrientations_iPhone = "UIInterfaceOrientationPortrait UIInterfaceOrientationLandscapeLeft UIInterfaceOrientationLandscapeRight";
				LD_RUNPATH_SEARCH_PATHS = (
					"$(inherited)",
					"@executable_path/Frameworks",
				);
				MARKETING_VERSION = 1.0;
				PRODUCT_BUNDLE_IDENTIFIER = "ie.ucd.cs.comp47390.19326053.swift-geekTime-Eclass";
				PRODUCT_NAME = "$(TARGET_NAME)";
				SWIFT_EMIT_LOC_STRINGS = YES;
				SWIFT_VERSION = 5.0;
				TARGETED_DEVICE_FAMILY = "1,2";
			};
			name = Release;
		};
/* End XCBuildConfiguration section */

/* Begin XCConfigurationList section */
		BC6F1FF12AD33B350088821D /* Build configuration list for PBXProject "swift_geekTime_Eclass" */ = {
			isa = XCConfigurationList;
			buildConfigurations = (
				BC6F20082AD33B380088821D /* Debug */,
				BC6F20092AD33B380088821D /* Release */,
			);
			defaultConfigurationIsVisible = 0;
			defaultConfigurationName = Release;
		};
		BC6F200A2AD33B380088821D /* Build configuration list for PBXNativeTarget "swift_geekTime_Eclass" */ = {
			isa = XCConfigurationList;
			buildConfigurations = (
				BC6F200B2AD33B380088821D /* Debug */,
				BC6F200C2AD33B380088821D /* Release */,
			);
			defaultConfigurationIsVisible = 0;
			defaultConfigurationName = Release;
		};
/* End XCConfigurationList section */
	};
	rootObject = BC6F1FEE2AD33B350088821D /* Project object */;
}
