<?xml version="1.0" encoding="UTF-8"?>
<Scheme
   version = "1.3">
   <BuildAction>
      <BuildActionEntries>
         <BuildActionEntry
            buildForRunning = "YES">
            <BuildableReference
               BuildableIdentifier = "primary"
               BlueprintIdentifier = "BC6F1FF52AD33B350088821D"
               BuildableName = "swift_geekTime_Eclass.app"
               BlueprintName = "swift_geekTime_Eclass"
               ReferencedContainer = "container:swift_geekTime_Eclass.xcodeproj">
            </BuildableReference>
         </BuildActionEntry>
      </BuildActionEntries>
   </BuildAction>
   <LaunchAction
      useCustomWorkingDirectory = "NO"
      buildConfiguration = "Debug"
      allowLocationSimulation = "YES">
      <BuildableProductRunnable>
         <BuildableReference
            BuildableIdentifier = "primary"
            BlueprintIdentifier = "BC6F1FF52AD33B350088821D"
            BuildableName = "swift_geekTime_Eclass.app"
            BlueprintName = "swift_geekTime_Eclass"
            ReferencedContainer = "container:swift_geekTime_Eclass.xcodeproj">
         </BuildableReference>
      </BuildableProductRunnable>
   </LaunchAction>
</Scheme>
